
Microsoft Visual Studio Solution File, Format Version 12.00
# Visual Studio Version 17
VisualStudioVersion = 17.6.33723.286
MinimumVisualStudioVersion = 10.0.40219.1
Project("{FAE04EC0-301F-11D3-BF4B-00C04F79EFBC}") = "CircleHealth", "CircleHealth.csproj", "{0EA99E83-6687-4129-A8CD-C07729594ED1}"
EndProject
Global
	GlobalSection(SolutionConfigurationPlatforms) = preSolution
		Debug|Any CPU = Debug|Any CPU
		Release|Any CPU = Release|Any CPU
	EndGlobalSection
	GlobalSection(ProjectConfigurationPlatforms) = postSolution
		{0EA99E83-6687-4129-A8CD-C07729594ED1}.Debug|Any CPU.ActiveCfg = Debug|Any CPU
		{0EA99E83-6687-4129-A8CD-C07729594ED1}.Debug|Any CPU.Build.0 = Debug|Any CPU
		{0EA99E83-6687-4129-A8CD-C07729594ED1}.Release|Any CPU.ActiveCfg = Release|Any CPU
		{0EA99E83-6687-4129-A8CD-C07729594ED1}.Release|Any CPU.Build.0 = Release|Any CPU
	EndGlobalSection
	GlobalSection(SolutionProperties) = preSolution
		HideSolutionNode = FALSE
	EndGlobalSection
	GlobalSection(ExtensibilityGlobals) = postSolution
		SolutionGuid = {0D644B98-1EBE-4058-A4A4-824CEA6F5AEB}
	EndGlobalSection
EndGlobal
